
Microsoft Visual Studio Solution File, Format Version 12.00
# Visual Studio Version 16
VisualStudioVersion = 16.0.31613.86
MinimumVisualStudioVersion = 10.0.40219.1
Project("{FAE04EC0-301F-11D3-BF4B-00C04F79EFBC}") = "ClassSubmission", "ClassSubmission\ClassSubmission.csproj", "{FFA621F7-0459-4C20-9007-09CD44840E3D}"
EndProject
Global
	GlobalSection(SolutionConfigurationPlatforms) = preSolution
		Debug|Any CPU = Debug|Any CPU
		Release|Any CPU = Release|Any CPU
	EndGlobalSection
	GlobalSection(ProjectConfigurationPlatforms) = postSolution
		{FFA621F7-0459-4C20-9007-09CD44840E3D}.Debug|Any CPU.ActiveCfg = Debug|Any CPU
		{FFA621F7-0459-4C20-9007-09CD44840E3D}.Debug|Any CPU.Build.0 = Debug|Any CPU
		{FFA621F7-0459-4C20-9007-09CD44840E3D}.Release|Any CPU.ActiveCfg = Release|Any CPU
		{FFA621F7-0459-4C20-9007-09CD44840E3D}.Release|Any CPU.Build.0 = Release|Any CPU
	EndGlobalSection
	GlobalSection(SolutionProperties) = preSolution
		HideSolutionNode = FALSE
	EndGlobalSection
	GlobalSection(ExtensibilityGlobals) = postSolution
		SolutionGuid = {67D32F35-AE55-4684-BE2A-C23193DC7419}
	EndGlobalSection
EndGlobal
