
Microsoft Visual Studio Solution File, Format Version 12.00
# Visual Studio Version 16
VisualStudioVersion = 16.0.31613.86
MinimumVisualStudioVersion = 10.0.40219.1
Project("{FAE04EC0-301F-11D3-BF4B-00C04F79EFBC}") = "ClassesAndObjects", "ClassesAndObjects\ClassesAndObjects.csproj", "{5ACE7575-00FC-4FD4-92ED-00D3DB26A623}"
EndProject
Global
	GlobalSection(SolutionConfigurationPlatforms) = preSolution
		Debug|Any CPU = Debug|Any CPU
		Release|Any CPU = Release|Any CPU
	EndGlobalSection
	GlobalSection(ProjectConfigurationPlatforms) = postSolution
		{5ACE7575-00FC-4FD4-92ED-00D3DB26A623}.Debug|Any CPU.ActiveCfg = Debug|Any CPU
		{5ACE7575-00FC-4FD4-92ED-00D3DB26A623}.Debug|Any CPU.Build.0 = Debug|Any CPU
		{5ACE7575-00FC-4FD4-92ED-00D3DB26A623}.Release|Any CPU.ActiveCfg = Release|Any CPU
		{5ACE7575-00FC-4FD4-92ED-00D3DB26A623}.Release|Any CPU.Build.0 = Release|Any CPU
	EndGlobalSection
	GlobalSection(SolutionProperties) = preSolution
		HideSolutionNode = FALSE
	EndGlobalSection
	GlobalSection(ExtensibilityGlobals) = postSolution
		SolutionGuid = {64DA46B7-331C-4245-9650-7638E99C7F69}
	EndGlobalSection
EndGlobal
