
Microsoft Visual Studio Solution File, Format Version 12.00
# Visual Studio Version 16
VisualStudioVersion = 16.0.31613.86
MinimumVisualStudioVersion = 10.0.40219.1
Project("{FAE04EC0-301F-11D3-BF4B-00C04F79EFBC}") = "MethodsAndObjects", "MethodsAndObjects\MethodsAndObjects.csproj", "{11F6EB2E-0F78-4AC8-8361-F5FB81D001E0}"
EndProject
Global
	GlobalSection(SolutionConfigurationPlatforms) = preSolution
		Debug|Any CPU = Debug|Any CPU
		Release|Any CPU = Release|Any CPU
	EndGlobalSection
	GlobalSection(ProjectConfigurationPlatforms) = postSolution
		{11F6EB2E-0F78-4AC8-8361-F5FB81D001E0}.Debug|Any CPU.ActiveCfg = Debug|Any CPU
		{11F6EB2E-0F78-4AC8-8361-F5FB81D001E0}.Debug|Any CPU.Build.0 = Debug|Any CPU
		{11F6EB2E-0F78-4AC8-8361-F5FB81D001E0}.Release|Any CPU.ActiveCfg = Release|Any CPU
		{11F6EB2E-0F78-4AC8-8361-F5FB81D001E0}.Release|Any CPU.Build.0 = Release|Any CPU
	EndGlobalSection
	GlobalSection(SolutionProperties) = preSolution
		HideSolutionNode = FALSE
	EndGlobalSection
	GlobalSection(ExtensibilityGlobals) = postSolution
		SolutionGuid = {C099ECEF-C225-43CF-89BE-6366E0C9DA9D}
	EndGlobalSection
EndGlobal
