
Microsoft Visual Studio Solution File, Format Version 12.00
# Visual Studio Version 16
VisualStudioVersion = 16.0.31613.86
MinimumVisualStudioVersion = 10.0.40219.1
Project("{FAE04EC0-301F-11D3-BF4B-00C04F79EFBC}") = "HelloWorld", "HelloWorld\HelloWorld.csproj", "{0E365B67-92A1-46C5-AF86-00850B4F90CF}"
EndProject
Global
	GlobalSection(SolutionConfigurationPlatforms) = preSolution
		Debug|Any CPU = Debug|Any CPU
		Release|Any CPU = Release|Any CPU
	EndGlobalSection
	GlobalSection(ProjectConfigurationPlatforms) = postSolution
		{0E365B67-92A1-46C5-AF86-00850B4F90CF}.Debug|Any CPU.ActiveCfg = Debug|Any CPU
		{0E365B67-92A1-46C5-AF86-00850B4F90CF}.Debug|Any CPU.Build.0 = Debug|Any CPU
		{0E365B67-92A1-46C5-AF86-00850B4F90CF}.Release|Any CPU.ActiveCfg = Release|Any CPU
		{0E365B67-92A1-46C5-AF86-00850B4F90CF}.Release|Any CPU.Build.0 = Release|Any CPU
	EndGlobalSection
	GlobalSection(SolutionProperties) = preSolution
		HideSolutionNode = FALSE
	EndGlobalSection
	GlobalSection(ExtensibilityGlobals) = postSolution
		SolutionGuid = {783C565C-06B8-44A0-BCDC-F5901B2CFBC3}
	EndGlobalSection
EndGlobal
