
Microsoft Visual Studio Solution File, Format Version 12.00
# Visual Studio Version 16
VisualStudioVersion = 16.0.31613.86
MinimumVisualStudioVersion = 10.0.40219.1
Project("{FAE04EC0-301F-11D3-BF4B-00C04F79EFBC}") = "TwentyOne", "TwentyOne\TwentyOne.csproj", "{B0156EEB-E04D-4AC6-9BB7-E30DF8D90AFC}"
EndProject
Global
	GlobalSection(SolutionConfigurationPlatforms) = preSolution
		Debug|Any CPU = Debug|Any CPU
		Release|Any CPU = Release|Any CPU
	EndGlobalSection
	GlobalSection(ProjectConfigurationPlatforms) = postSolution
		{B0156EEB-E04D-4AC6-9BB7-E30DF8D90AFC}.Debug|Any CPU.ActiveCfg = Debug|Any CPU
		{B0156EEB-E04D-4AC6-9BB7-E30DF8D90AFC}.Debug|Any CPU.Build.0 = Debug|Any CPU
		{B0156EEB-E04D-4AC6-9BB7-E30DF8D90AFC}.Release|Any CPU.ActiveCfg = Release|Any CPU
		{B0156EEB-E04D-4AC6-9BB7-E30DF8D90AFC}.Release|Any CPU.Build.0 = Release|Any CPU
	EndGlobalSection
	GlobalSection(SolutionProperties) = preSolution
		HideSolutionNode = FALSE
	EndGlobalSection
	GlobalSection(ExtensibilityGlobals) = postSolution
		SolutionGuid = {7B6B6813-A79C-4D48-9D36-43C9BCABFB44}
	EndGlobalSection
EndGlobal
