
Microsoft Visual Studio Solution File, Format Version 12.00
# Visual Studio Version 16
VisualStudioVersion = 16.0.31613.86
MinimumVisualStudioVersion = 10.0.40219.1
Project("{FAE04EC0-301F-11D3-BF4B-00C04F79EFBC}") = "MyConsoleProject.cs", "MyConsoleProject.cs\MyConsoleProject.cs.csproj", "{BB7ABD47-0D8F-484E-9AA6-5E235CAB1D33}"
EndProject
Global
	GlobalSection(SolutionConfigurationPlatforms) = preSolution
		Debug|Any CPU = Debug|Any CPU
		Release|Any CPU = Release|Any CPU
	EndGlobalSection
	GlobalSection(ProjectConfigurationPlatforms) = postSolution
		{BB7ABD47-0D8F-484E-9AA6-5E235CAB1D33}.Debug|Any CPU.ActiveCfg = Debug|Any CPU
		{BB7ABD47-0D8F-484E-9AA6-5E235CAB1D33}.Debug|Any CPU.Build.0 = Debug|Any CPU
		{BB7ABD47-0D8F-484E-9AA6-5E235CAB1D33}.Release|Any CPU.ActiveCfg = Release|Any CPU
		{BB7ABD47-0D8F-484E-9AA6-5E235CAB1D33}.Release|Any CPU.Build.0 = Release|Any CPU
	EndGlobalSection
	GlobalSection(SolutionProperties) = preSolution
		HideSolutionNode = FALSE
	EndGlobalSection
	GlobalSection(ExtensibilityGlobals) = postSolution
		SolutionGuid = {A9B6B461-0C5F-400E-B5B9-BBC2352B8846}
	EndGlobalSection
EndGlobal
