
Microsoft Visual Studio Solution File, Format Version 12.00
# Visual Studio Version 16
VisualStudioVersion = 16.0.31613.86
MinimumVisualStudioVersion = 10.0.40219.1
Project("{FAE04EC0-301F-11D3-BF4B-00C04F79EFBC}") = "MethodClass", "MethodClass\MethodClass.csproj", "{AC62D511-90F7-49EB-90D4-E923285ABA44}"
EndProject
Global
	GlobalSection(SolutionConfigurationPlatforms) = preSolution
		Debug|Any CPU = Debug|Any CPU
		Release|Any CPU = Release|Any CPU
	EndGlobalSection
	GlobalSection(ProjectConfigurationPlatforms) = postSolution
		{AC62D511-90F7-49EB-90D4-E923285ABA44}.Debug|Any CPU.ActiveCfg = Debug|Any CPU
		{AC62D511-90F7-49EB-90D4-E923285ABA44}.Debug|Any CPU.Build.0 = Debug|Any CPU
		{AC62D511-90F7-49EB-90D4-E923285ABA44}.Release|Any CPU.ActiveCfg = Release|Any CPU
		{AC62D511-90F7-49EB-90D4-E923285ABA44}.Release|Any CPU.Build.0 = Release|Any CPU
	EndGlobalSection
	GlobalSection(SolutionProperties) = preSolution
		HideSolutionNode = FALSE
	EndGlobalSection
	GlobalSection(ExtensibilityGlobals) = postSolution
		SolutionGuid = {B7FEFF53-6977-4447-AED7-08A88C7963E0}
	EndGlobalSection
EndGlobal
