
Microsoft Visual Studio Solution File, Format Version 12.00
# Visual Studio Version 16
VisualStudioVersion = 16.0.31613.86
MinimumVisualStudioVersion = 10.0.40219.1
Project("{FAE04EC0-301F-11D3-BF4B-00C04F79EFBC}") = "WhileAndDoWhile", "WhileAndDoWhile\WhileAndDoWhile.csproj", "{09A540D7-26CC-456D-83E7-BA14D9275D8E}"
EndProject
Global
	GlobalSection(SolutionConfigurationPlatforms) = preSolution
		Debug|Any CPU = Debug|Any CPU
		Release|Any CPU = Release|Any CPU
	EndGlobalSection
	GlobalSection(ProjectConfigurationPlatforms) = postSolution
		{09A540D7-26CC-456D-83E7-BA14D9275D8E}.Debug|Any CPU.ActiveCfg = Debug|Any CPU
		{09A540D7-26CC-456D-83E7-BA14D9275D8E}.Debug|Any CPU.Build.0 = Debug|Any CPU
		{09A540D7-26CC-456D-83E7-BA14D9275D8E}.Release|Any CPU.ActiveCfg = Release|Any CPU
		{09A540D7-26CC-456D-83E7-BA14D9275D8E}.Release|Any CPU.Build.0 = Release|Any CPU
	EndGlobalSection
	GlobalSection(SolutionProperties) = preSolution
		HideSolutionNode = FALSE
	EndGlobalSection
	GlobalSection(ExtensibilityGlobals) = postSolution
		SolutionGuid = {3F96F47F-ADC3-45A5-B674-C3E77DA44BAD}
	EndGlobalSection
EndGlobal
