
Microsoft Visual Studio Solution File, Format Version 12.00
# Visual Studio Version 16
VisualStudioVersion = 16.0.31613.86
MinimumVisualStudioVersion = 10.0.40219.1
Project("{FAE04EC0-301F-11D3-BF4B-00C04F79EFBC}") = "MethodSubmission", "MethodSubmission\MethodSubmission.csproj", "{269C3BA6-40AE-478D-82E8-3E2CDBF677FD}"
EndProject
Global
	GlobalSection(SolutionConfigurationPlatforms) = preSolution
		Debug|Any CPU = Debug|Any CPU
		Release|Any CPU = Release|Any CPU
	EndGlobalSection
	GlobalSection(ProjectConfigurationPlatforms) = postSolution
		{269C3BA6-40AE-478D-82E8-3E2CDBF677FD}.Debug|Any CPU.ActiveCfg = Debug|Any CPU
		{269C3BA6-40AE-478D-82E8-3E2CDBF677FD}.Debug|Any CPU.Build.0 = Debug|Any CPU
		{269C3BA6-40AE-478D-82E8-3E2CDBF677FD}.Release|Any CPU.ActiveCfg = Release|Any CPU
		{269C3BA6-40AE-478D-82E8-3E2CDBF677FD}.Release|Any CPU.Build.0 = Release|Any CPU
	EndGlobalSection
	GlobalSection(SolutionProperties) = preSolution
		HideSolutionNode = FALSE
	EndGlobalSection
	GlobalSection(ExtensibilityGlobals) = postSolution
		SolutionGuid = {1F4BB3DB-9EB0-4B08-AA79-51C2208DA437}
	EndGlobalSection
EndGlobal
